
Microsoft Visual Studio Solution File, Format Version 12.00
# Visual Studio Version 16
VisualStudioVersion = 16.0.28803.352
MinimumVisualStudioVersion = 10.0.40219.1
Project("{FAE04EC0-301F-11D3-BF4B-00C04F79EFBC}") = "PlasticSearch", "PlasticSearch\PlasticSearch.csproj", "{227D16B6-F470-480F-8204-A1137B0D946C}"
EndProject
Global
	GlobalSection(SolutionConfigurationPlatforms) = preSolution
		Debug|Any CPU = Debug|Any CPU
		Release|Any CPU = Release|Any CPU
	EndGlobalSection
	GlobalSection(ProjectConfigurationPlatforms) = postSolution
		{227D16B6-F470-480F-8204-A1137B0D946C}.Debug|Any CPU.ActiveCfg = Debug|Any CPU
		{227D16B6-F470-480F-8204-A1137B0D946C}.Debug|Any CPU.Build.0 = Debug|Any CPU
		{227D16B6-F470-480F-8204-A1137B0D946C}.Release|Any CPU.ActiveCfg = Release|Any CPU
		{227D16B6-F470-480F-8204-A1137B0D946C}.Release|Any CPU.Build.0 = Release|Any CPU
	EndGlobalSection
	GlobalSection(SolutionProperties) = preSolution
		HideSolutionNode = FALSE
	EndGlobalSection
	GlobalSection(ExtensibilityGlobals) = postSolution
		SolutionGuid = {6C6FFA8C-DCF2-4DDB-8955-2CA827EF888F}
	EndGlobalSection
EndGlobal
